
Microsoft Visual Studio Solution File, Format Version 12.00
# Visual Studio Version 16
VisualStudioVersion = 16.0.28606.126
MinimumVisualStudioVersion = 10.0.40219.1
Project("{9A19103F-16F7-4668-BE54-9A1E7A4F7556}") = "Bet.AspNetCore", "src\Bet.AspNetCore\Bet.AspNetCore.csproj", "{DBE192D3-44E8-4D67-AE13-8D859E85ADA3}"
EndProject
Project("{9A19103F-16F7-4668-BE54-9A1E7A4F7556}") = "Bet.AspNetCore.UnitTest", "test\Bet.AspNetCore.UnitTest\Bet.AspNetCore.UnitTest.csproj", "{715397C4-BE2E-450A-AF3F-9FB1CADAEACB}"
EndProject
Project("{2150E333-8FDC-42A3-9474-1A3956D46DE8}") = "src", "src", "{8382D62B-2BB8-4406-95FD-63AF167F5D65}"
EndProject
Project("{2150E333-8FDC-42A3-9474-1A3956D46DE8}") = "test", "test", "{6064A704-979A-4156-B9A8-2ADD74BB9BAE}"
EndProject
Project("{2150E333-8FDC-42A3-9474-1A3956D46DE8}") = "build", "build", "{B5340D45-2E08-42BE-B316-4B46EBEEFB69}"
	ProjectSection(SolutionItems) = preProject
		build\betcommon.ruleset = build\betcommon.ruleset
		build\dependencies.props = build\dependencies.props
		build\settings.props = build\settings.props
		build\sources.props = build\sources.props
	EndProjectSection
EndProject
Project("{2150E333-8FDC-42A3-9474-1A3956D46DE8}") = "Solution Items", "Solution Items", "{5BB9BCC1-2A94-4439-AE89-E99A79DF38DF}"
	ProjectSection(SolutionItems) = preProject
		.dockerignore = .dockerignore
		.editorconfig = .editorconfig
		.env = .env
		.gitattributes = .gitattributes
		.gitignore = .gitignore
		appveyor.yml = appveyor.yml
		CHANGELOG.md = CHANGELOG.md
		clean.sh = clean.sh
		Diagrams.pptx = Diagrams.pptx
		Directory.Build.props = Directory.Build.props
		Directory.Build.targets = Directory.Build.targets
		docker-compose.build.yml = docker-compose.build.yml
		docker-compose.override.yml = docker-compose.override.yml
		docker-compose.vscode.yml = docker-compose.vscode.yml
		docker-compose.yml = docker-compose.yml
		Dockerfile = Dockerfile
		Dockerfile.base = Dockerfile.base
		LICENSE = LICENSE
		README.md = README.md
	EndProjectSection
EndProject
Project("{9A19103F-16F7-4668-BE54-9A1E7A4F7556}") = "Bet.AspNetCore.HealthChecks", "src\Bet.AspNetCore.HealthChecks\Bet.AspNetCore.HealthChecks.csproj", "{35AC2F0D-58B1-409B-A892-7286508393D9}"
EndProject
Project("{9A19103F-16F7-4668-BE54-9A1E7A4F7556}") = "Bet.AspNetCore.Sample", "src\Bet.AspNetCore.Sample\Bet.AspNetCore.Sample.csproj", "{46623EA9-75B0-4F3F-9694-18472EB40266}"
EndProject
Project("{9A19103F-16F7-4668-BE54-9A1E7A4F7556}") = "Bet.Extensions.Options", "src\Bet.Extensions.Options\Bet.Extensions.Options.csproj", "{93CF9BE6-FB16-4298-8B7A-6207C510F161}"
EndProject
Project("{9A19103F-16F7-4668-BE54-9A1E7A4F7556}") = "Bet.Extensions.Logging", "src\Bet.Extensions.Logging\Bet.Extensions.Logging.csproj", "{4AA707F9-A368-46D2-AE6F-195EA14211F1}"
EndProject
Project("{9A19103F-16F7-4668-BE54-9A1E7A4F7556}") = "Bet.AspNetCore.Logging", "src\Bet.AspNetCore.Logging\Bet.AspNetCore.Logging.csproj", "{73CDB4A3-C458-4AB3-82F9-68F25DCB36B0}"
EndProject
Project("{9A19103F-16F7-4668-BE54-9A1E7A4F7556}") = "Bet.Extensions", "src\Bet.Extensions\Bet.Extensions.csproj", "{2B077466-D1D8-4D93-8324-90898D286719}"
EndProject
Project("{9A19103F-16F7-4668-BE54-9A1E7A4F7556}") = "Bet.Extensions.AzureVault", "src\Bet.Extensions.AzureVault\Bet.Extensions.AzureVault.csproj", "{50B38E2B-E33D-4BAF-B6D0-7BBA49D8824A}"
EndProject
Project("{9A19103F-16F7-4668-BE54-9A1E7A4F7556}") = "Bet.Extensions.Hosting", "src\Bet.Extensions.Hosting\Bet.Extensions.Hosting.csproj", "{AA34055E-D487-44B7-BD4C-FEEB29FFDA05}"
EndProject
Project("{2150E333-8FDC-42A3-9474-1A3956D46DE8}") = "sample", "sample", "{D08248C1-62F0-4011-9CB2-406FDE28EEA3}"
EndProject
Project("{2150E333-8FDC-42A3-9474-1A3956D46DE8}") = "cli-tools", "cli-tools", "{D5655917-C1A5-44AA-85D2-BF9132205E4E}"
EndProject
Project("{9A19103F-16F7-4668-BE54-9A1E7A4F7556}") = "AppAuthentication", "src\AppAuthentication\AppAuthentication.csproj", "{47756F33-5FF7-4FDB-8E7D-F30CCFBE8F34}"
EndProject
Project("{9A19103F-16F7-4668-BE54-9A1E7A4F7556}") = "Bet.AspNetCore.ReCapture", "src\Bet.AspNetCore.ReCapture\Bet.AspNetCore.ReCapture.csproj", "{6472D7D3-D27B-4B57-ABE1-1708AB64E1D1}"
EndProject
Project("{9A19103F-16F7-4668-BE54-9A1E7A4F7556}") = "Bet.Extensions.ML", "src\Bet.Extensions.ML\Bet.Extensions.ML.csproj", "{5FD99A79-7BFB-4112-9B7F-6E308306FC46}"
EndProject
Project("{9A19103F-16F7-4668-BE54-9A1E7A4F7556}") = "Bet.Hosting.Sample", "src\Bet.Hosting.Sample\Bet.Hosting.Sample.csproj", "{028AAF57-302B-422E-AF8B-A7CC18F69C5E}"
EndProject
Project("{9A19103F-16F7-4668-BE54-9A1E7A4F7556}") = "Bet.CleanArchitecture.Core", "src\Bet.CleanArchitecture.Core\Bet.CleanArchitecture.Core.csproj", "{89AC6B13-DE02-4762-8243-4FEEB3CA80A2}"
EndProject
Project("{9A19103F-16F7-4668-BE54-9A1E7A4F7556}") = "Bet.AspNetCore.Middleware", "src\Bet.AspNetCore.Middleware\Bet.AspNetCore.Middleware.csproj", "{A8A4C701-9F61-4A43-9D8B-5AD70E388020}"
EndProject
Project("{9A19103F-16F7-4668-BE54-9A1E7A4F7556}") = "Bet.Extensions.ML.Spam", "src\Bet.Extensions.ML.Spam\Bet.Extensions.ML.Spam.csproj", "{03F2734D-F0FB-459F-963C-3BB249BB31D9}"
EndProject
Project("{9A19103F-16F7-4668-BE54-9A1E7A4F7556}") = "Bet.Extensions.ML.Sentiment", "src\Bet.Extensions.ML.Sentiment\Bet.Extensions.ML.Sentiment.csproj", "{40D0AD45-7772-4FA7-B566-E1F69FC180A0}"
EndProject
Project("{9A19103F-16F7-4668-BE54-9A1E7A4F7556}") = "Bet.Extensions.AzureStorage", "src\Bet.Extensions.AzureStorage\Bet.Extensions.AzureStorage.csproj", "{E2DB931C-8B88-4870-A7D7-D51C411C141A}"
EndProject
Project("{9A19103F-16F7-4668-BE54-9A1E7A4F7556}") = "Bet.AspNetCore.LetsEncrypt", "src\Bet.AspNetCore.LetsEncrypt\Bet.AspNetCore.LetsEncrypt.csproj", "{2D33AF22-F2D7-4862-861B-8C67537E0A18}"
EndProject
Project("{9A19103F-16F7-4668-BE54-9A1E7A4F7556}") = "Bet.AspNetCore.AzureStorage", "src\Bet.AspNetCore.AzureStorage\Bet.AspNetCore.AzureStorage.csproj", "{919A6ABE-1E6E-4ADB-9A00-B14514AF3E04}"
EndProject
Project("{9A19103F-16F7-4668-BE54-9A1E7A4F7556}") = "Bet.Extensions.HealthChecks", "src\Bet.Extensions.HealthChecks\Bet.Extensions.HealthChecks.csproj", "{225B565D-F4AA-46F3-8D3D-38918AAE040E}"
EndProject
Project("{9A19103F-16F7-4668-BE54-9A1E7A4F7556}") = "Bet.Extensions.UnitTest", "test\Bet.Extensions.UnitTest\Bet.Extensions.UnitTest.csproj", "{C160FA06-DA6B-4988-9CBF-C7C011F3BA27}"
EndProject
Project("{9A19103F-16F7-4668-BE54-9A1E7A4F7556}") = "Bet.Extensions.Testing", "src\Bet.Extensions.Testing\Bet.Extensions.Testing.csproj", "{18E349EE-5B9C-4055-B110-40A2B1B308F6}"
EndProject
Project("{9A19103F-16F7-4668-BE54-9A1E7A4F7556}") = "Bet.Extensions.HealthChecks.ML", "src\Bet.Extensions.HealthChecks.ML\Bet.Extensions.HealthChecks.ML.csproj", "{80D912DB-0C33-4A44-9506-2D8EECE132C6}"
EndProject
Project("{9A19103F-16F7-4668-BE54-9A1E7A4F7556}") = "Bet.Extensions.HealthChecks.AzureStorage", "src\Bet.Extensions.HealthChecks.AzureStorage\Bet.Extensions.HealthChecks.AzureStorage.csproj", "{ED346A1A-0CBA-4564-8EEA-0966B267AC10}"
EndProject
Project("{9A19103F-16F7-4668-BE54-9A1E7A4F7556}") = "Bet.Extensions.DataProtection", "src\Bet.Extensions.DataProtection\Bet.Extensions.DataProtection.csproj", "{7A96D11A-8D20-4A1E-9E95-03F01D245576}"
EndProject
Project("{9A19103F-16F7-4668-BE54-9A1E7A4F7556}") = "Bet.Extensions.ML.Azure", "src\Bet.Extensions.ML.Azure\Bet.Extensions.ML.Azure.csproj", "{A9473CEA-98A2-4FA6-8C95-E5CD6B68A3B1}"
EndProject
Project("{9A19103F-16F7-4668-BE54-9A1E7A4F7556}") = "LetsEncryptWeb", "src\LetsEncryptWeb\LetsEncryptWeb.csproj", "{A8517287-C7C9-440D-ACC0-F47B379A105A}"
EndProject
Project("{9A19103F-16F7-4668-BE54-9A1E7A4F7556}") = "Bet.Extensions.LetsEncrypt", "src\Bet.Extensions.LetsEncrypt\Bet.Extensions.LetsEncrypt.csproj", "{6F3F68FA-94FE-41FD-BF31-571349AF5C74}"
EndProject
Project("{2150E333-8FDC-42A3-9474-1A3956D46DE8}") = "Extensions", "Extensions", "{C4F77FEB-4C40-4285-AE27-D9B361A3A46F}"
EndProject
Project("{2150E333-8FDC-42A3-9474-1A3956D46DE8}") = "AspNetCore", "AspNetCore", "{8DBACFCC-6031-44F4-AF8C-556A3946AB0A}"
EndProject
Global
	GlobalSection(SolutionConfigurationPlatforms) = preSolution
		Debug|Any CPU = Debug|Any CPU
		Release|Any CPU = Release|Any CPU
	EndGlobalSection
	GlobalSection(ProjectConfigurationPlatforms) = postSolution
		{DBE192D3-44E8-4D67-AE13-8D859E85ADA3}.Debug|Any CPU.ActiveCfg = Debug|Any CPU
		{DBE192D3-44E8-4D67-AE13-8D859E85ADA3}.Debug|Any CPU.Build.0 = Debug|Any CPU
		{DBE192D3-44E8-4D67-AE13-8D859E85ADA3}.Release|Any CPU.ActiveCfg = Release|Any CPU
		{DBE192D3-44E8-4D67-AE13-8D859E85ADA3}.Release|Any CPU.Build.0 = Release|Any CPU
		{715397C4-BE2E-450A-AF3F-9FB1CADAEACB}.Debug|Any CPU.ActiveCfg = Debug|Any CPU
		{715397C4-BE2E-450A-AF3F-9FB1CADAEACB}.Debug|Any CPU.Build.0 = Debug|Any CPU
		{715397C4-BE2E-450A-AF3F-9FB1CADAEACB}.Release|Any CPU.ActiveCfg = Release|Any CPU
		{715397C4-BE2E-450A-AF3F-9FB1CADAEACB}.Release|Any CPU.Build.0 = Release|Any CPU
		{35AC2F0D-58B1-409B-A892-7286508393D9}.Debug|Any CPU.ActiveCfg = Debug|Any CPU
		{35AC2F0D-58B1-409B-A892-7286508393D9}.Debug|Any CPU.Build.0 = Debug|Any CPU
		{35AC2F0D-58B1-409B-A892-7286508393D9}.Release|Any CPU.ActiveCfg = Release|Any CPU
		{35AC2F0D-58B1-409B-A892-7286508393D9}.Release|Any CPU.Build.0 = Release|Any CPU
		{46623EA9-75B0-4F3F-9694-18472EB40266}.Debug|Any CPU.ActiveCfg = Debug|Any CPU
		{46623EA9-75B0-4F3F-9694-18472EB40266}.Debug|Any CPU.Build.0 = Debug|Any CPU
		{46623EA9-75B0-4F3F-9694-18472EB40266}.Release|Any CPU.ActiveCfg = Release|Any CPU
		{46623EA9-75B0-4F3F-9694-18472EB40266}.Release|Any CPU.Build.0 = Release|Any CPU
		{93CF9BE6-FB16-4298-8B7A-6207C510F161}.Debug|Any CPU.ActiveCfg = Debug|Any CPU
		{93CF9BE6-FB16-4298-8B7A-6207C510F161}.Debug|Any CPU.Build.0 = Debug|Any CPU
		{93CF9BE6-FB16-4298-8B7A-6207C510F161}.Release|Any CPU.ActiveCfg = Release|Any CPU
		{93CF9BE6-FB16-4298-8B7A-6207C510F161}.Release|Any CPU.Build.0 = Release|Any CPU
		{4AA707F9-A368-46D2-AE6F-195EA14211F1}.Debug|Any CPU.ActiveCfg = Debug|Any CPU
		{4AA707F9-A368-46D2-AE6F-195EA14211F1}.Debug|Any CPU.Build.0 = Debug|Any CPU
		{4AA707F9-A368-46D2-AE6F-195EA14211F1}.Release|Any CPU.ActiveCfg = Release|Any CPU
		{4AA707F9-A368-46D2-AE6F-195EA14211F1}.Release|Any CPU.Build.0 = Release|Any CPU
		{73CDB4A3-C458-4AB3-82F9-68F25DCB36B0}.Debug|Any CPU.ActiveCfg = Debug|Any CPU
		{73CDB4A3-C458-4AB3-82F9-68F25DCB36B0}.Debug|Any CPU.Build.0 = Debug|Any CPU
		{73CDB4A3-C458-4AB3-82F9-68F25DCB36B0}.Release|Any CPU.ActiveCfg = Release|Any CPU
		{73CDB4A3-C458-4AB3-82F9-68F25DCB36B0}.Release|Any CPU.Build.0 = Release|Any CPU
		{2B077466-D1D8-4D93-8324-90898D286719}.Debug|Any CPU.ActiveCfg = Debug|Any CPU
		{2B077466-D1D8-4D93-8324-90898D286719}.Debug|Any CPU.Build.0 = Debug|Any CPU
		{2B077466-D1D8-4D93-8324-90898D286719}.Release|Any CPU.ActiveCfg = Release|Any CPU
		{2B077466-D1D8-4D93-8324-90898D286719}.Release|Any CPU.Build.0 = Release|Any CPU
		{50B38E2B-E33D-4BAF-B6D0-7BBA49D8824A}.Debug|Any CPU.ActiveCfg = Debug|Any CPU
		{50B38E2B-E33D-4BAF-B6D0-7BBA49D8824A}.Debug|Any CPU.Build.0 = Debug|Any CPU
		{50B38E2B-E33D-4BAF-B6D0-7BBA49D8824A}.Release|Any CPU.ActiveCfg = Release|Any CPU
		{50B38E2B-E33D-4BAF-B6D0-7BBA49D8824A}.Release|Any CPU.Build.0 = Release|Any CPU
		{AA34055E-D487-44B7-BD4C-FEEB29FFDA05}.Debug|Any CPU.ActiveCfg = Debug|Any CPU
		{AA34055E-D487-44B7-BD4C-FEEB29FFDA05}.Debug|Any CPU.Build.0 = Debug|Any CPU
		{AA34055E-D487-44B7-BD4C-FEEB29FFDA05}.Release|Any CPU.ActiveCfg = Release|Any CPU
		{AA34055E-D487-44B7-BD4C-FEEB29FFDA05}.Release|Any CPU.Build.0 = Release|Any CPU
		{47756F33-5FF7-4FDB-8E7D-F30CCFBE8F34}.Debug|Any CPU.ActiveCfg = Debug|Any CPU
		{47756F33-5FF7-4FDB-8E7D-F30CCFBE8F34}.Debug|Any CPU.Build.0 = Debug|Any CPU
		{47756F33-5FF7-4FDB-8E7D-F30CCFBE8F34}.Release|Any CPU.ActiveCfg = Release|Any CPU
		{47756F33-5FF7-4FDB-8E7D-F30CCFBE8F34}.Release|Any CPU.Build.0 = Release|Any CPU
		{6472D7D3-D27B-4B57-ABE1-1708AB64E1D1}.Debug|Any CPU.ActiveCfg = Debug|Any CPU
		{6472D7D3-D27B-4B57-ABE1-1708AB64E1D1}.Debug|Any CPU.Build.0 = Debug|Any CPU
		{6472D7D3-D27B-4B57-ABE1-1708AB64E1D1}.Release|Any CPU.ActiveCfg = Release|Any CPU
		{6472D7D3-D27B-4B57-ABE1-1708AB64E1D1}.Release|Any CPU.Build.0 = Release|Any CPU
		{5FD99A79-7BFB-4112-9B7F-6E308306FC46}.Debug|Any CPU.ActiveCfg = Debug|Any CPU
		{5FD99A79-7BFB-4112-9B7F-6E308306FC46}.Debug|Any CPU.Build.0 = Debug|Any CPU
		{5FD99A79-7BFB-4112-9B7F-6E308306FC46}.Release|Any CPU.ActiveCfg = Release|Any CPU
		{5FD99A79-7BFB-4112-9B7F-6E308306FC46}.Release|Any CPU.Build.0 = Release|Any CPU
		{028AAF57-302B-422E-AF8B-A7CC18F69C5E}.Debug|Any CPU.ActiveCfg = Debug|Any CPU
		{028AAF57-302B-422E-AF8B-A7CC18F69C5E}.Debug|Any CPU.Build.0 = Debug|Any CPU
		{028AAF57-302B-422E-AF8B-A7CC18F69C5E}.Release|Any CPU.ActiveCfg = Release|Any CPU
		{028AAF57-302B-422E-AF8B-A7CC18F69C5E}.Release|Any CPU.Build.0 = Release|Any CPU
		{89AC6B13-DE02-4762-8243-4FEEB3CA80A2}.Debug|Any CPU.ActiveCfg = Debug|Any CPU
		{89AC6B13-DE02-4762-8243-4FEEB3CA80A2}.Debug|Any CPU.Build.0 = Debug|Any CPU
		{89AC6B13-DE02-4762-8243-4FEEB3CA80A2}.Release|Any CPU.ActiveCfg = Release|Any CPU
		{89AC6B13-DE02-4762-8243-4FEEB3CA80A2}.Release|Any CPU.Build.0 = Release|Any CPU
		{A8A4C701-9F61-4A43-9D8B-5AD70E388020}.Debug|Any CPU.ActiveCfg = Debug|Any CPU
		{A8A4C701-9F61-4A43-9D8B-5AD70E388020}.Debug|Any CPU.Build.0 = Debug|Any CPU
		{A8A4C701-9F61-4A43-9D8B-5AD70E388020}.Release|Any CPU.ActiveCfg = Release|Any CPU
		{A8A4C701-9F61-4A43-9D8B-5AD70E388020}.Release|Any CPU.Build.0 = Release|Any CPU
		{03F2734D-F0FB-459F-963C-3BB249BB31D9}.Debug|Any CPU.ActiveCfg = Debug|Any CPU
		{03F2734D-F0FB-459F-963C-3BB249BB31D9}.Debug|Any CPU.Build.0 = Debug|Any CPU
		{03F2734D-F0FB-459F-963C-3BB249BB31D9}.Release|Any CPU.ActiveCfg = Release|Any CPU
		{03F2734D-F0FB-459F-963C-3BB249BB31D9}.Release|Any CPU.Build.0 = Release|Any CPU
		{40D0AD45-7772-4FA7-B566-E1F69FC180A0}.Debug|Any CPU.ActiveCfg = Debug|Any CPU
		{40D0AD45-7772-4FA7-B566-E1F69FC180A0}.Debug|Any CPU.Build.0 = Debug|Any CPU
		{40D0AD45-7772-4FA7-B566-E1F69FC180A0}.Release|Any CPU.ActiveCfg = Release|Any CPU
		{40D0AD45-7772-4FA7-B566-E1F69FC180A0}.Release|Any CPU.Build.0 = Release|Any CPU
		{E2DB931C-8B88-4870-A7D7-D51C411C141A}.Debug|Any CPU.ActiveCfg = Debug|Any CPU
		{E2DB931C-8B88-4870-A7D7-D51C411C141A}.Debug|Any CPU.Build.0 = Debug|Any CPU
		{E2DB931C-8B88-4870-A7D7-D51C411C141A}.Release|Any CPU.ActiveCfg = Release|Any CPU
		{E2DB931C-8B88-4870-A7D7-D51C411C141A}.Release|Any CPU.Build.0 = Release|Any CPU
		{2D33AF22-F2D7-4862-861B-8C67537E0A18}.Debug|Any CPU.ActiveCfg = Debug|Any CPU
		{2D33AF22-F2D7-4862-861B-8C67537E0A18}.Debug|Any CPU.Build.0 = Debug|Any CPU
		{2D33AF22-F2D7-4862-861B-8C67537E0A18}.Release|Any CPU.ActiveCfg = Release|Any CPU
		{2D33AF22-F2D7-4862-861B-8C67537E0A18}.Release|Any CPU.Build.0 = Release|Any CPU
		{919A6ABE-1E6E-4ADB-9A00-B14514AF3E04}.Debug|Any CPU.ActiveCfg = Debug|Any CPU
		{919A6ABE-1E6E-4ADB-9A00-B14514AF3E04}.Debug|Any CPU.Build.0 = Debug|Any CPU
		{919A6ABE-1E6E-4ADB-9A00-B14514AF3E04}.Release|Any CPU.ActiveCfg = Release|Any CPU
		{919A6ABE-1E6E-4ADB-9A00-B14514AF3E04}.Release|Any CPU.Build.0 = Release|Any CPU
		{225B565D-F4AA-46F3-8D3D-38918AAE040E}.Debug|Any CPU.ActiveCfg = Debug|Any CPU
		{225B565D-F4AA-46F3-8D3D-38918AAE040E}.Debug|Any CPU.Build.0 = Debug|Any CPU
		{225B565D-F4AA-46F3-8D3D-38918AAE040E}.Release|Any CPU.ActiveCfg = Release|Any CPU
		{225B565D-F4AA-46F3-8D3D-38918AAE040E}.Release|Any CPU.Build.0 = Release|Any CPU
		{C160FA06-DA6B-4988-9CBF-C7C011F3BA27}.Debug|Any CPU.ActiveCfg = Debug|Any CPU
		{C160FA06-DA6B-4988-9CBF-C7C011F3BA27}.Debug|Any CPU.Build.0 = Debug|Any CPU
		{C160FA06-DA6B-4988-9CBF-C7C011F3BA27}.Release|Any CPU.ActiveCfg = Release|Any CPU
		{C160FA06-DA6B-4988-9CBF-C7C011F3BA27}.Release|Any CPU.Build.0 = Release|Any CPU
		{18E349EE-5B9C-4055-B110-40A2B1B308F6}.Debug|Any CPU.ActiveCfg = Debug|Any CPU
		{18E349EE-5B9C-4055-B110-40A2B1B308F6}.Debug|Any CPU.Build.0 = Debug|Any CPU
		{18E349EE-5B9C-4055-B110-40A2B1B308F6}.Release|Any CPU.ActiveCfg = Release|Any CPU
		{18E349EE-5B9C-4055-B110-40A2B1B308F6}.Release|Any CPU.Build.0 = Release|Any CPU
		{80D912DB-0C33-4A44-9506-2D8EECE132C6}.Debug|Any CPU.ActiveCfg = Debug|Any CPU
		{80D912DB-0C33-4A44-9506-2D8EECE132C6}.Debug|Any CPU.Build.0 = Debug|Any CPU
		{80D912DB-0C33-4A44-9506-2D8EECE132C6}.Release|Any CPU.ActiveCfg = Release|Any CPU
		{80D912DB-0C33-4A44-9506-2D8EECE132C6}.Release|Any CPU.Build.0 = Release|Any CPU
		{ED346A1A-0CBA-4564-8EEA-0966B267AC10}.Debug|Any CPU.ActiveCfg = Debug|Any CPU
		{ED346A1A-0CBA-4564-8EEA-0966B267AC10}.Debug|Any CPU.Build.0 = Debug|Any CPU
		{ED346A1A-0CBA-4564-8EEA-0966B267AC10}.Release|Any CPU.ActiveCfg = Release|Any CPU
		{ED346A1A-0CBA-4564-8EEA-0966B267AC10}.Release|Any CPU.Build.0 = Release|Any CPU
		{7A96D11A-8D20-4A1E-9E95-03F01D245576}.Debug|Any CPU.ActiveCfg = Debug|Any CPU
		{7A96D11A-8D20-4A1E-9E95-03F01D245576}.Debug|Any CPU.Build.0 = Debug|Any CPU
		{7A96D11A-8D20-4A1E-9E95-03F01D245576}.Release|Any CPU.ActiveCfg = Release|Any CPU
		{7A96D11A-8D20-4A1E-9E95-03F01D245576}.Release|Any CPU.Build.0 = Release|Any CPU
		{A9473CEA-98A2-4FA6-8C95-E5CD6B68A3B1}.Debug|Any CPU.ActiveCfg = Debug|Any CPU
		{A9473CEA-98A2-4FA6-8C95-E5CD6B68A3B1}.Debug|Any CPU.Build.0 = Debug|Any CPU
		{A9473CEA-98A2-4FA6-8C95-E5CD6B68A3B1}.Release|Any CPU.ActiveCfg = Release|Any CPU
		{A9473CEA-98A2-4FA6-8C95-E5CD6B68A3B1}.Release|Any CPU.Build.0 = Release|Any CPU
		{A8517287-C7C9-440D-ACC0-F47B379A105A}.Debug|Any CPU.ActiveCfg = Debug|Any CPU
		{A8517287-C7C9-440D-ACC0-F47B379A105A}.Debug|Any CPU.Build.0 = Debug|Any CPU
		{A8517287-C7C9-440D-ACC0-F47B379A105A}.Release|Any CPU.ActiveCfg = Release|Any CPU
		{A8517287-C7C9-440D-ACC0-F47B379A105A}.Release|Any CPU.Build.0 = Release|Any CPU
		{6F3F68FA-94FE-41FD-BF31-571349AF5C74}.Debug|Any CPU.ActiveCfg = Debug|Any CPU
		{6F3F68FA-94FE-41FD-BF31-571349AF5C74}.Debug|Any CPU.Build.0 = Debug|Any CPU
		{6F3F68FA-94FE-41FD-BF31-571349AF5C74}.Release|Any CPU.ActiveCfg = Release|Any CPU
		{6F3F68FA-94FE-41FD-BF31-571349AF5C74}.Release|Any CPU.Build.0 = Release|Any CPU
	EndGlobalSection
	GlobalSection(SolutionProperties) = preSolution
		HideSolutionNode = FALSE
	EndGlobalSection
	GlobalSection(NestedProjects) = preSolution
		{DBE192D3-44E8-4D67-AE13-8D859E85ADA3} = {8DBACFCC-6031-44F4-AF8C-556A3946AB0A}
		{715397C4-BE2E-450A-AF3F-9FB1CADAEACB} = {6064A704-979A-4156-B9A8-2ADD74BB9BAE}
		{35AC2F0D-58B1-409B-A892-7286508393D9} = {8DBACFCC-6031-44F4-AF8C-556A3946AB0A}
		{46623EA9-75B0-4F3F-9694-18472EB40266} = {D08248C1-62F0-4011-9CB2-406FDE28EEA3}
		{93CF9BE6-FB16-4298-8B7A-6207C510F161} = {C4F77FEB-4C40-4285-AE27-D9B361A3A46F}
		{4AA707F9-A368-46D2-AE6F-195EA14211F1} = {C4F77FEB-4C40-4285-AE27-D9B361A3A46F}
		{73CDB4A3-C458-4AB3-82F9-68F25DCB36B0} = {8DBACFCC-6031-44F4-AF8C-556A3946AB0A}
		{2B077466-D1D8-4D93-8324-90898D286719} = {C4F77FEB-4C40-4285-AE27-D9B361A3A46F}
		{50B38E2B-E33D-4BAF-B6D0-7BBA49D8824A} = {C4F77FEB-4C40-4285-AE27-D9B361A3A46F}
		{AA34055E-D487-44B7-BD4C-FEEB29FFDA05} = {C4F77FEB-4C40-4285-AE27-D9B361A3A46F}
		{47756F33-5FF7-4FDB-8E7D-F30CCFBE8F34} = {D5655917-C1A5-44AA-85D2-BF9132205E4E}
		{6472D7D3-D27B-4B57-ABE1-1708AB64E1D1} = {8DBACFCC-6031-44F4-AF8C-556A3946AB0A}
		{5FD99A79-7BFB-4112-9B7F-6E308306FC46} = {C4F77FEB-4C40-4285-AE27-D9B361A3A46F}
		{028AAF57-302B-422E-AF8B-A7CC18F69C5E} = {D08248C1-62F0-4011-9CB2-406FDE28EEA3}
		{89AC6B13-DE02-4762-8243-4FEEB3CA80A2} = {8DBACFCC-6031-44F4-AF8C-556A3946AB0A}
		{A8A4C701-9F61-4A43-9D8B-5AD70E388020} = {8DBACFCC-6031-44F4-AF8C-556A3946AB0A}
		{03F2734D-F0FB-459F-963C-3BB249BB31D9} = {C4F77FEB-4C40-4285-AE27-D9B361A3A46F}
		{40D0AD45-7772-4FA7-B566-E1F69FC180A0} = {C4F77FEB-4C40-4285-AE27-D9B361A3A46F}
		{E2DB931C-8B88-4870-A7D7-D51C411C141A} = {C4F77FEB-4C40-4285-AE27-D9B361A3A46F}
		{2D33AF22-F2D7-4862-861B-8C67537E0A18} = {8DBACFCC-6031-44F4-AF8C-556A3946AB0A}
		{919A6ABE-1E6E-4ADB-9A00-B14514AF3E04} = {8DBACFCC-6031-44F4-AF8C-556A3946AB0A}
		{225B565D-F4AA-46F3-8D3D-38918AAE040E} = {C4F77FEB-4C40-4285-AE27-D9B361A3A46F}
		{C160FA06-DA6B-4988-9CBF-C7C011F3BA27} = {6064A704-979A-4156-B9A8-2ADD74BB9BAE}
		{18E349EE-5B9C-4055-B110-40A2B1B308F6} = {C4F77FEB-4C40-4285-AE27-D9B361A3A46F}
		{80D912DB-0C33-4A44-9506-2D8EECE132C6} = {C4F77FEB-4C40-4285-AE27-D9B361A3A46F}
		{ED346A1A-0CBA-4564-8EEA-0966B267AC10} = {C4F77FEB-4C40-4285-AE27-D9B361A3A46F}
		{7A96D11A-8D20-4A1E-9E95-03F01D245576} = {C4F77FEB-4C40-4285-AE27-D9B361A3A46F}
		{A9473CEA-98A2-4FA6-8C95-E5CD6B68A3B1} = {C4F77FEB-4C40-4285-AE27-D9B361A3A46F}
		{A8517287-C7C9-440D-ACC0-F47B379A105A} = {D08248C1-62F0-4011-9CB2-406FDE28EEA3}
		{6F3F68FA-94FE-41FD-BF31-571349AF5C74} = {C4F77FEB-4C40-4285-AE27-D9B361A3A46F}
		{C4F77FEB-4C40-4285-AE27-D9B361A3A46F} = {8382D62B-2BB8-4406-95FD-63AF167F5D65}
		{8DBACFCC-6031-44F4-AF8C-556A3946AB0A} = {8382D62B-2BB8-4406-95FD-63AF167F5D65}
	EndGlobalSection
	GlobalSection(ExtensibilityGlobals) = postSolution
		SolutionGuid = {A53F67D4-7CE9-4F03-8DD4-2C00E7AE2F46}
	EndGlobalSection
EndGlobal
