
Microsoft Visual Studio Solution File, Format Version 12.00
# Visual Studio Version 16
VisualStudioVersion = 16.0.28606.126
MinimumVisualStudioVersion = 10.0.40219.1
Project("{9A19103F-16F7-4668-BE54-9A1E7A4F7556}") = "Bet.AspNetCore", "src\Bet.AspNetCore\Bet.AspNetCore.csproj", "{DBE192D3-44E8-4D67-AE13-8D859E85ADA3}"
EndProject
Project("{9A19103F-16F7-4668-BE54-9A1E7A4F7556}") = "Bet.AspNetCore.UnitTest", "test\Bet.AspNetCore.UnitTest\Bet.AspNetCore.UnitTest.csproj", "{715397C4-BE2E-450A-AF3F-9FB1CADAEACB}"
EndProject
Project("{2150E333-8FDC-42A3-9474-1A3956D46DE8}") = "src", "src", "{8382D62B-2BB8-4406-95FD-63AF167F5D65}"
EndProject
Project("{2150E333-8FDC-42A3-9474-1A3956D46DE8}") = "test", "test", "{6064A704-979A-4156-B9A8-2ADD74BB9BAE}"
EndProject
Project("{2150E333-8FDC-42A3-9474-1A3956D46DE8}") = "build", "build", "{B5340D45-2E08-42BE-B316-4B46EBEEFB69}"
	ProjectSection(SolutionItems) = preProject
		build\dependecies.props = build\dependecies.props
		build\settings.props = build\settings.props
		build\sources.props = build\sources.props
	EndProjectSection
EndProject
Project("{2150E333-8FDC-42A3-9474-1A3956D46DE8}") = "Solution Items", "Solution Items", "{5BB9BCC1-2A94-4439-AE89-E99A79DF38DF}"
	ProjectSection(SolutionItems) = preProject
		.editorconfig = .editorconfig
		.gitattributes = .gitattributes
		.gitignore = .gitignore
		appveyor.yml = appveyor.yml
		CHANGELOG.md = CHANGELOG.md
		clean.sh = clean.sh
		Directory.Build.props = Directory.Build.props
		Directory.Build.targets = Directory.Build.targets
		LICENSE = LICENSE
		README.md = README.md
	EndProjectSection
EndProject
Project("{9A19103F-16F7-4668-BE54-9A1E7A4F7556}") = "Bet.AspNetCore.HealthChecks", "src\Bet.AspNetCore.HealthChecks\Bet.AspNetCore.HealthChecks.csproj", "{35AC2F0D-58B1-409B-A892-7286508393D9}"
EndProject
Project("{FAE04EC0-301F-11D3-BF4B-00C04F79EFBC}") = "Bet.AspNetCore.Sample", "src\Bet.AspNetCore.Sample\Bet.AspNetCore.Sample.csproj", "{46623EA9-75B0-4F3F-9694-18472EB40266}"
EndProject
Global
	GlobalSection(SolutionConfigurationPlatforms) = preSolution
		Debug|Any CPU = Debug|Any CPU
		Release|Any CPU = Release|Any CPU
	EndGlobalSection
	GlobalSection(ProjectConfigurationPlatforms) = postSolution
		{DBE192D3-44E8-4D67-AE13-8D859E85ADA3}.Debug|Any CPU.ActiveCfg = Debug|Any CPU
		{DBE192D3-44E8-4D67-AE13-8D859E85ADA3}.Debug|Any CPU.Build.0 = Debug|Any CPU
		{DBE192D3-44E8-4D67-AE13-8D859E85ADA3}.Release|Any CPU.ActiveCfg = Release|Any CPU
		{DBE192D3-44E8-4D67-AE13-8D859E85ADA3}.Release|Any CPU.Build.0 = Release|Any CPU
		{715397C4-BE2E-450A-AF3F-9FB1CADAEACB}.Debug|Any CPU.ActiveCfg = Debug|Any CPU
		{715397C4-BE2E-450A-AF3F-9FB1CADAEACB}.Debug|Any CPU.Build.0 = Debug|Any CPU
		{715397C4-BE2E-450A-AF3F-9FB1CADAEACB}.Release|Any CPU.ActiveCfg = Release|Any CPU
		{715397C4-BE2E-450A-AF3F-9FB1CADAEACB}.Release|Any CPU.Build.0 = Release|Any CPU
		{35AC2F0D-58B1-409B-A892-7286508393D9}.Debug|Any CPU.ActiveCfg = Debug|Any CPU
		{35AC2F0D-58B1-409B-A892-7286508393D9}.Debug|Any CPU.Build.0 = Debug|Any CPU
		{35AC2F0D-58B1-409B-A892-7286508393D9}.Release|Any CPU.ActiveCfg = Release|Any CPU
		{35AC2F0D-58B1-409B-A892-7286508393D9}.Release|Any CPU.Build.0 = Release|Any CPU
		{46623EA9-75B0-4F3F-9694-18472EB40266}.Debug|Any CPU.ActiveCfg = Debug|Any CPU
		{46623EA9-75B0-4F3F-9694-18472EB40266}.Debug|Any CPU.Build.0 = Debug|Any CPU
		{46623EA9-75B0-4F3F-9694-18472EB40266}.Release|Any CPU.ActiveCfg = Release|Any CPU
		{46623EA9-75B0-4F3F-9694-18472EB40266}.Release|Any CPU.Build.0 = Release|Any CPU
	EndGlobalSection
	GlobalSection(SolutionProperties) = preSolution
		HideSolutionNode = FALSE
	EndGlobalSection
	GlobalSection(NestedProjects) = preSolution
		{DBE192D3-44E8-4D67-AE13-8D859E85ADA3} = {8382D62B-2BB8-4406-95FD-63AF167F5D65}
		{715397C4-BE2E-450A-AF3F-9FB1CADAEACB} = {6064A704-979A-4156-B9A8-2ADD74BB9BAE}
		{35AC2F0D-58B1-409B-A892-7286508393D9} = {8382D62B-2BB8-4406-95FD-63AF167F5D65}
		{46623EA9-75B0-4F3F-9694-18472EB40266} = {8382D62B-2BB8-4406-95FD-63AF167F5D65}
	EndGlobalSection
	GlobalSection(ExtensibilityGlobals) = postSolution
		SolutionGuid = {A53F67D4-7CE9-4F03-8DD4-2C00E7AE2F46}
	EndGlobalSection
EndGlobal
