
Microsoft Visual Studio Solution File, Format Version 12.00
# Visual Studio Version 16
VisualStudioVersion = 16.0.29728.190
MinimumVisualStudioVersion = 10.0.40219.1
Project("{FAE04EC0-301F-11D3-BF4B-00C04F79EFBC}") = "LetsEncryptWeb", "LetsEncryptWeb.csproj", "{32A6860A-5565-4A76-8E11-CBDD9592AB92}"
EndProject
Global
	GlobalSection(SolutionConfigurationPlatforms) = preSolution
		Debug|Any CPU = Debug|Any CPU
		Release|Any CPU = Release|Any CPU
	EndGlobalSection
	GlobalSection(ProjectConfigurationPlatforms) = postSolution
		{32A6860A-5565-4A76-8E11-CBDD9592AB92}.Debug|Any CPU.ActiveCfg = Debug|Any CPU
		{32A6860A-5565-4A76-8E11-CBDD9592AB92}.Debug|Any CPU.Build.0 = Debug|Any CPU
		{32A6860A-5565-4A76-8E11-CBDD9592AB92}.Release|Any CPU.ActiveCfg = Release|Any CPU
		{32A6860A-5565-4A76-8E11-CBDD9592AB92}.Release|Any CPU.Build.0 = Release|Any CPU
	EndGlobalSection
	GlobalSection(SolutionProperties) = preSolution
		HideSolutionNode = FALSE
	EndGlobalSection
	GlobalSection(ExtensibilityGlobals) = postSolution
		SolutionGuid = {14F7F276-B436-496C-B1F6-FDD0A20A1E3C}
	EndGlobalSection
EndGlobal
